// !$*UTF8*$!
{
	archiveVersion = 1;
	classes = {
	};
	objectVersion = 46;
	objects = {

/* Begin PBXBuildFile section */
		B4D558545F19E8695AF51C2F /* Pods_businessLoan.framework in Frameworks */ = {isa = PBXBuildFile; fileRef = FA753A900C9426D34B1FA63E /* Pods_businessLoan.framework */; };
		CD635A8A1ECFE36D006C3F64 /* AppDelegate.swift in Sources */ = {isa = PBXBuildFile; fileRef = CD635A891ECFE36D006C3F64 /* AppDelegate.swift */; };
		CD635A8C1ECFE36D006C3F64 /* ViewController.swift in Sources */ = {isa = PBXBuildFile; fileRef = CD635A8B1ECFE36D006C3F64 /* ViewController.swift */; };
		CD635A8F1ECFE36D006C3F64 /* Main.storyboard in Resources */ = {isa = PBXBuildFile; fileRef = CD635A8D1ECFE36D006C3F64 /* Main.storyboard */; };
		CD635A921ECFE36D006C3F64 /* businessLoan.xcdatamodeld in Sources */ = {isa = PBXBuildFile; fileRef = CD635A901ECFE36D006C3F64 /* businessLoan.xcdatamodeld */; };
		CD635A941ECFE36D006C3F64 /* Assets.xcassets in Resources */ = {isa = PBXBuildFile; fileRef = CD635A931ECFE36D006C3F64 /* Assets.xcassets */; };
		CD635A971ECFE36D006C3F64 /* LaunchScreen.storyboard in Resources */ = {isa = PBXBuildFile; fileRef = CD635A951ECFE36D006C3F64 /* LaunchScreen.storyboard */; };
		CD635AA21ECFE36D006C3F64 /* businessLoanTests.swift in Sources */ = {isa = PBXBuildFile; fileRef = CD635AA11ECFE36D006C3F64 /* businessLoanTests.swift */; };
		CD635AAD1ECFE36D006C3F64 /* businessLoanUITests.swift in Sources */ = {isa = PBXBuildFile; fileRef = CD635AAC1ECFE36D006C3F64 /* businessLoanUITests.swift */; };
		CD635ABB1ECFE4D5006C3F64 /* mainCell.swift in Sources */ = {isa = PBXBuildFile; fileRef = CD635ABA1ECFE4D5006C3F64 /* mainCell.swift */; };
		CD635ABD1ED05E6F006C3F64 /* GoogleService-Info.plist in Resources */ = {isa = PBXBuildFile; fileRef = CD635ABC1ED05E6F006C3F64 /* GoogleService-Info.plist */; };
		CD6B0EE11ED08B3900137E8A /* OperatingProfit+CoreDataClass.swift in Sources */ = {isa = PBXBuildFile; fileRef = CD6B0ED71ED08B3900137E8A /* OperatingProfit+CoreDataClass.swift */; };
		CD6B0EE21ED08B3900137E8A /* OperatingProfit+CoreDataProperties.swift in Sources */ = {isa = PBXBuildFile; fileRef = CD6B0ED81ED08B3900137E8A /* OperatingProfit+CoreDataProperties.swift */; };
		CD6B0EE31ED08B3900137E8A /* CostsOfGoodsSold+CoreDataClass.swift in Sources */ = {isa = PBXBuildFile; fileRef = CD6B0ED91ED08B3900137E8A /* CostsOfGoodsSold+CoreDataClass.swift */; };
		CD6B0EE41ED08B3900137E8A /* CostsOfGoodsSold+CoreDataProperties.swift in Sources */ = {isa = PBXBuildFile; fileRef = CD6B0EDA1ED08B3900137E8A /* CostsOfGoodsSold+CoreDataProperties.swift */; };
		CD6B0EE51ED08B3900137E8A /* Expenses+CoreDataClass.swift in Sources */ = {isa = PBXBuildFile; fileRef = CD6B0EDB1ED08B3900137E8A /* Expenses+CoreDataClass.swift */; };
		CD6B0EE61ED08B3900137E8A /* Expenses+CoreDataProperties.swift in Sources */ = {isa = PBXBuildFile; fileRef = CD6B0EDC1ED08B3900137E8A /* Expenses+CoreDataProperties.swift */; };
		CD6B0EE71ED08B3900137E8A /* GrossReceipts+CoreDataClass.swift in Sources */ = {isa = PBXBuildFile; fileRef = CD6B0EDD1ED08B3900137E8A /* GrossReceipts+CoreDataClass.swift */; };
		CD6B0EE81ED08B3900137E8A /* GrossReceipts+CoreDataProperties.swift in Sources */ = {isa = PBXBuildFile; fileRef = CD6B0EDE1ED08B3900137E8A /* GrossReceipts+CoreDataProperties.swift */; };
		CD6B0EE91ED08B3900137E8A /* GrossProfit+CoreDataClass.swift in Sources */ = {isa = PBXBuildFile; fileRef = CD6B0EDF1ED08B3900137E8A /* GrossProfit+CoreDataClass.swift */; };
		CD6B0EEA1ED08B3900137E8A /* GrossProfit+CoreDataProperties.swift in Sources */ = {isa = PBXBuildFile; fileRef = CD6B0EE01ED08B3900137E8A /* GrossProfit+CoreDataProperties.swift */; };
/* End PBXBuildFile section */

/* Begin PBXContainerItemProxy section */
		CD635A9E1ECFE36D006C3F64 /* PBXContainerItemProxy */ = {
			isa = PBXContainerItemProxy;
			containerPortal = CD635A7E1ECFE36D006C3F64 /* Project object */;
			proxyType = 1;
			remoteGlobalIDString = CD635A851ECFE36D006C3F64;
			remoteInfo = businessLoan;
		};
		CD635AA91ECFE36D006C3F64 /* PBXContainerItemProxy */ = {
			isa = PBXContainerItemProxy;
			containerPortal = CD635A7E1ECFE36D006C3F64 /* Project object */;
			proxyType = 1;
			remoteGlobalIDString = CD635A851ECFE36D006C3F64;
			remoteInfo = businessLoan;
		};
/* End PBXContainerItemProxy section */

/* Begin PBXFileReference section */
		28FA96AD4DE4477D4ABB6A95 /* Pods-businessLoan.debug.xcconfig */ = {isa = PBXFileReference; includeInIndex = 1; lastKnownFileType = text.xcconfig; name = "Pods-businessLoan.debug.xcconfig"; path = "Pods/Target Support Files/Pods-businessLoan/Pods-businessLoan.debug.xcconfig"; sourceTree = "<group>"; };
		68F37CE88A3039FC9F98F95D /* Pods-businessLoan.release.xcconfig */ = {isa = PBXFileReference; includeInIndex = 1; lastKnownFileType = text.xcconfig; name = "Pods-businessLoan.release.xcconfig"; path = "Pods/Target Support Files/Pods-businessLoan/Pods-businessLoan.release.xcconfig"; sourceTree = "<group>"; };
		CD635A861ECFE36D006C3F64 /* businessLoan.app */ = {isa = PBXFileReference; explicitFileType = wrapper.application; includeInIndex = 0; path = businessLoan.app; sourceTree = BUILT_PRODUCTS_DIR; };
		CD635A891ECFE36D006C3F64 /* AppDelegate.swift */ = {isa = PBXFileReference; lastKnownFileType = sourcecode.swift; path = AppDelegate.swift; sourceTree = "<group>"; };
		CD635A8B1ECFE36D006C3F64 /* ViewController.swift */ = {isa = PBXFileReference; lastKnownFileType = sourcecode.swift; path = ViewController.swift; sourceTree = "<group>"; };
		CD635A8E1ECFE36D006C3F64 /* Base */ = {isa = PBXFileReference; lastKnownFileType = file.storyboard; name = Base; path = Base.lproj/Main.storyboard; sourceTree = "<group>"; };
		CD635A911ECFE36D006C3F64 /* businessLoan.xcdatamodel */ = {isa = PBXFileReference; lastKnownFileType = wrapper.xcdatamodel; path = businessLoan.xcdatamodel; sourceTree = "<group>"; };
		CD635A931ECFE36D006C3F64 /* Assets.xcassets */ = {isa = PBXFileReference; lastKnownFileType = folder.assetcatalog; path = Assets.xcassets; sourceTree = "<group>"; };
		CD635A961ECFE36D006C3F64 /* Base */ = {isa = PBXFileReference; lastKnownFileType = file.storyboard; name = Base; path = Base.lproj/LaunchScreen.storyboard; sourceTree = "<group>"; };
		CD635A981ECFE36D006C3F64 /* Info.plist */ = {isa = PBXFileReference; lastKnownFileType = text.plist.xml; path = Info.plist; sourceTree = "<group>"; };
		CD635A9D1ECFE36D006C3F64 /* businessLoanTests.xctest */ = {isa = PBXFileReference; explicitFileType = wrapper.cfbundle; includeInIndex = 0; path = businessLoanTests.xctest; sourceTree = BUILT_PRODUCTS_DIR; };
		CD635AA11ECFE36D006C3F64 /* businessLoanTests.swift */ = {isa = PBXFileReference; lastKnownFileType = sourcecode.swift; path = businessLoanTests.swift; sourceTree = "<group>"; };
		CD635AA31ECFE36D006C3F64 /* Info.plist */ = {isa = PBXFileReference; lastKnownFileType = text.plist.xml; path = Info.plist; sourceTree = "<group>"; };
		CD635AA81ECFE36D006C3F64 /* businessLoanUITests.xctest */ = {isa = PBXFileReference; explicitFileType = wrapper.cfbundle; includeInIndex = 0; path = businessLoanUITests.xctest; sourceTree = BUILT_PRODUCTS_DIR; };
		CD635AAC1ECFE36D006C3F64 /* businessLoanUITests.swift */ = {isa = PBXFileReference; lastKnownFileType = sourcecode.swift; path = businessLoanUITests.swift; sourceTree = "<group>"; };
		CD635AAE1ECFE36D006C3F64 /* Info.plist */ = {isa = PBXFileReference; lastKnownFileType = text.plist.xml; path = Info.plist; sourceTree = "<group>"; };
		CD635ABA1ECFE4D5006C3F64 /* mainCell.swift */ = {isa = PBXFileReference; fileEncoding = 4; lastKnownFileType = sourcecode.swift; path = mainCell.swift; sourceTree = "<group>"; };
		CD635ABC1ED05E6F006C3F64 /* GoogleService-Info.plist */ = {isa = PBXFileReference; fileEncoding = 4; lastKnownFileType = text.plist.xml; path = "GoogleService-Info.plist"; sourceTree = "<group>"; };
		CD6B0ED71ED08B3900137E8A /* OperatingProfit+CoreDataClass.swift */ = {isa = PBXFileReference; fileEncoding = 4; lastKnownFileType = sourcecode.swift; path = "OperatingProfit+CoreDataClass.swift"; sourceTree = "<group>"; };
		CD6B0ED81ED08B3900137E8A /* OperatingProfit+CoreDataProperties.swift */ = {isa = PBXFileReference; fileEncoding = 4; lastKnownFileType = sourcecode.swift; path = "OperatingProfit+CoreDataProperties.swift"; sourceTree = "<group>"; };
		CD6B0ED91ED08B3900137E8A /* CostsOfGoodsSold+CoreDataClass.swift */ = {isa = PBXFileReference; fileEncoding = 4; lastKnownFileType = sourcecode.swift; path = "CostsOfGoodsSold+CoreDataClass.swift"; sourceTree = "<group>"; };
		CD6B0EDA1ED08B3900137E8A /* CostsOfGoodsSold+CoreDataProperties.swift */ = {isa = PBXFileReference; fileEncoding = 4; lastKnownFileType = sourcecode.swift; path = "CostsOfGoodsSold+CoreDataProperties.swift"; sourceTree = "<group>"; };
		CD6B0EDB1ED08B3900137E8A /* Expenses+CoreDataClass.swift */ = {isa = PBXFileReference; fileEncoding = 4; lastKnownFileType = sourcecode.swift; path = "Expenses+CoreDataClass.swift"; sourceTree = "<group>"; };
		CD6B0EDC1ED08B3900137E8A /* Expenses+CoreDataProperties.swift */ = {isa = PBXFileReference; fileEncoding = 4; lastKnownFileType = sourcecode.swift; path = "Expenses+CoreDataProperties.swift"; sourceTree = "<group>"; };
		CD6B0EDD1ED08B3900137E8A /* GrossReceipts+CoreDataClass.swift */ = {isa = PBXFileReference; fileEncoding = 4; lastKnownFileType = sourcecode.swift; path = "GrossReceipts+CoreDataClass.swift"; sourceTree = "<group>"; };
		CD6B0EDE1ED08B3900137E8A /* GrossReceipts+CoreDataProperties.swift */ = {isa = PBXFileReference; fileEncoding = 4; lastKnownFileType = sourcecode.swift; path = "GrossReceipts+CoreDataProperties.swift"; sourceTree = "<group>"; };
		CD6B0EDF1ED08B3900137E8A /* GrossProfit+CoreDataClass.swift */ = {isa = PBXFileReference; fileEncoding = 4; lastKnownFileType = sourcecode.swift; path = "GrossProfit+CoreDataClass.swift"; sourceTree = "<group>"; };
		CD6B0EE01ED08B3900137E8A /* GrossProfit+CoreDataProperties.swift */ = {isa = PBXFileReference; fileEncoding = 4; lastKnownFileType = sourcecode.swift; path = "GrossProfit+CoreDataProperties.swift"; sourceTree = "<group>"; };
		FA753A900C9426D34B1FA63E /* Pods_businessLoan.framework */ = {isa = PBXFileReference; explicitFileType = wrapper.framework; includeInIndex = 0; path = Pods_businessLoan.framework; sourceTree = BUILT_PRODUCTS_DIR; };
/* End PBXFileReference section */

/* Begin PBXFrameworksBuildPhase section */
		CD635A831ECFE36D006C3F64 /* Frameworks */ = {
			isa = PBXFrameworksBuildPhase;
			buildActionMask = 2147483647;
			files = (
				B4D558545F19E8695AF51C2F /* Pods_businessLoan.framework in Frameworks */,
			);
			runOnlyForDeploymentPostprocessing = 0;
		};
		CD635A9A1ECFE36D006C3F64 /* Frameworks */ = {
			isa = PBXFrameworksBuildPhase;
			buildActionMask = 2147483647;
			files = (
			);
			runOnlyForDeploymentPostprocessing = 0;
		};
		CD635AA51ECFE36D006C3F64 /* Frameworks */ = {
			isa = PBXFrameworksBuildPhase;
			buildActionMask = 2147483647;
			files = (
			);
			runOnlyForDeploymentPostprocessing = 0;
		};
/* End PBXFrameworksBuildPhase section */

/* Begin PBXGroup section */
		B712372D0A172D23E77DF415 /* Frameworks */ = {
			isa = PBXGroup;
			children = (
				FA753A900C9426D34B1FA63E /* Pods_businessLoan.framework */,
			);
			name = Frameworks;
			sourceTree = "<group>";
		};
		CD635A7D1ECFE36D006C3F64 = {
			isa = PBXGroup;
			children = (
				CD6B0ED71ED08B3900137E8A /* OperatingProfit+CoreDataClass.swift */,
				CD6B0ED81ED08B3900137E8A /* OperatingProfit+CoreDataProperties.swift */,
				CD6B0ED91ED08B3900137E8A /* CostsOfGoodsSold+CoreDataClass.swift */,
				CD6B0EDA1ED08B3900137E8A /* CostsOfGoodsSold+CoreDataProperties.swift */,
				CD6B0EDB1ED08B3900137E8A /* Expenses+CoreDataClass.swift */,
				CD6B0EDC1ED08B3900137E8A /* Expenses+CoreDataProperties.swift */,
				CD6B0EDD1ED08B3900137E8A /* GrossReceipts+CoreDataClass.swift */,
				CD6B0EDE1ED08B3900137E8A /* GrossReceipts+CoreDataProperties.swift */,
				CD6B0EDF1ED08B3900137E8A /* GrossProfit+CoreDataClass.swift */,
				CD6B0EE01ED08B3900137E8A /* GrossProfit+CoreDataProperties.swift */,
				CD635A881ECFE36D006C3F64 /* businessLoan */,
				CD635AA01ECFE36D006C3F64 /* businessLoanTests */,
				CD635AAB1ECFE36D006C3F64 /* businessLoanUITests */,
				CD635A871ECFE36D006C3F64 /* Products */,
				CDA915139D0A1F30C1D97771 /* Pods */,
				B712372D0A172D23E77DF415 /* Frameworks */,
			);
			sourceTree = "<group>";
		};
		CD635A871ECFE36D006C3F64 /* Products */ = {
			isa = PBXGroup;
			children = (
				CD635A861ECFE36D006C3F64 /* businessLoan.app */,
				CD635A9D1ECFE36D006C3F64 /* businessLoanTests.xctest */,
				CD635AA81ECFE36D006C3F64 /* businessLoanUITests.xctest */,
			);
			name = Products;
			sourceTree = "<group>";
		};
		CD635A881ECFE36D006C3F64 /* businessLoan */ = {
			isa = PBXGroup;
			children = (
				CD635ABC1ED05E6F006C3F64 /* GoogleService-Info.plist */,
				CD635A891ECFE36D006C3F64 /* AppDelegate.swift */,
				CD635A8B1ECFE36D006C3F64 /* ViewController.swift */,
				CD635A8D1ECFE36D006C3F64 /* Main.storyboard */,
				CD635ABA1ECFE4D5006C3F64 /* mainCell.swift */,
				CD635A931ECFE36D006C3F64 /* Assets.xcassets */,
				CD635A951ECFE36D006C3F64 /* LaunchScreen.storyboard */,
				CD635A981ECFE36D006C3F64 /* Info.plist */,
				CD635A901ECFE36D006C3F64 /* businessLoan.xcdatamodeld */,
			);
			path = businessLoan;
			sourceTree = "<group>";
		};
		CD635AA01ECFE36D006C3F64 /* businessLoanTests */ = {
			isa = PBXGroup;
			children = (
				CD635AA11ECFE36D006C3F64 /* businessLoanTests.swift */,
				CD635AA31ECFE36D006C3F64 /* Info.plist */,
			);
			path = businessLoanTests;
			sourceTree = "<group>";
		};
		CD635AAB1ECFE36D006C3F64 /* businessLoanUITests */ = {
			isa = PBXGroup;
			children = (
				CD635AAC1ECFE36D006C3F64 /* businessLoanUITests.swift */,
				CD635AAE1ECFE36D006C3F64 /* Info.plist */,
			);
			path = businessLoanUITests;
			sourceTree = "<group>";
		};
		CDA915139D0A1F30C1D97771 /* Pods */ = {
			isa = PBXGroup;
			children = (
				28FA96AD4DE4477D4ABB6A95 /* Pods-businessLoan.debug.xcconfig */,
				68F37CE88A3039FC9F98F95D /* Pods-businessLoan.release.xcconfig */,
			);
			name = Pods;
			sourceTree = "<group>";
		};
/* End PBXGroup section */

/* Begin PBXNativeTarget section */
		CD635A851ECFE36D006C3F64 /* businessLoan */ = {
			isa = PBXNativeTarget;
			buildConfigurationList = CD635AB11ECFE36D006C3F64 /* Build configuration list for PBXNativeTarget "businessLoan" */;
			buildPhases = (
				0CCD5749A4FDDAAA2F6F79E4 /* [CP] Check Pods Manifest.lock */,
				CD635A821ECFE36D006C3F64 /* Sources */,
				CD635A831ECFE36D006C3F64 /* Frameworks */,
				CD635A841ECFE36D006C3F64 /* Resources */,
				664EF25B8768925BDD7E20F9 /* [CP] Embed Pods Frameworks */,
				4D95DABD23745DCA5F0847C4 /* [CP] Copy Pods Resources */,
			);
			buildRules = (
			);
			dependencies = (
			);
			name = businessLoan;
			productName = businessLoan;
			productReference = CD635A861ECFE36D006C3F64 /* businessLoan.app */;
			productType = "com.apple.product-type.application";
		};
		CD635A9C1ECFE36D006C3F64 /* businessLoanTests */ = {
			isa = PBXNativeTarget;
			buildConfigurationList = CD635AB41ECFE36D006C3F64 /* Build configuration list for PBXNativeTarget "businessLoanTests" */;
			buildPhases = (
				CD635A991ECFE36D006C3F64 /* Sources */,
				CD635A9A1ECFE36D006C3F64 /* Frameworks */,
				CD635A9B1ECFE36D006C3F64 /* Resources */,
			);
			buildRules = (
			);
			dependencies = (
				CD635A9F1ECFE36D006C3F64 /* PBXTargetDependency */,
			);
			name = businessLoanTests;
			productName = businessLoanTests;
			productReference = CD635A9D1ECFE36D006C3F64 /* businessLoanTests.xctest */;
			productType = "com.apple.product-type.bundle.unit-test";
		};
		CD635AA71ECFE36D006C3F64 /* businessLoanUITests */ = {
			isa = PBXNativeTarget;
			buildConfigurationList = CD635AB71ECFE36D006C3F64 /* Build configuration list for PBXNativeTarget "businessLoanUITests" */;
			buildPhases = (
				CD635AA41ECFE36D006C3F64 /* Sources */,
				CD635AA51ECFE36D006C3F64 /* Frameworks */,
				CD635AA61ECFE36D006C3F64 /* Resources */,
			);
			buildRules = (
			);
			dependencies = (
				CD635AAA1ECFE36D006C3F64 /* PBXTargetDependency */,
			);
			name = businessLoanUITests;
			productName = businessLoanUITests;
			productReference = CD635AA81ECFE36D006C3F64 /* businessLoanUITests.xctest */;
			productType = "com.apple.product-type.bundle.ui-testing";
		};
/* End PBXNativeTarget section */

/* Begin PBXProject section */
		CD635A7E1ECFE36D006C3F64 /* Project object */ = {
			isa = PBXProject;
			attributes = {
				LastSwiftUpdateCheck = 0830;
				LastUpgradeCheck = 0830;
				ORGANIZATIONNAME = "Yazan Altwil";
				TargetAttributes = {
					CD635A851ECFE36D006C3F64 = {
						CreatedOnToolsVersion = 8.3;
						ProvisioningStyle = Automatic;
					};
					CD635A9C1ECFE36D006C3F64 = {
						CreatedOnToolsVersion = 8.3;
						ProvisioningStyle = Automatic;
						TestTargetID = CD635A851ECFE36D006C3F64;
					};
					CD635AA71ECFE36D006C3F64 = {
						CreatedOnToolsVersion = 8.3;
						ProvisioningStyle = Automatic;
						TestTargetID = CD635A851ECFE36D006C3F64;
					};
				};
			};
			buildConfigurationList = CD635A811ECFE36D006C3F64 /* Build configuration list for PBXProject "businessLoan" */;
			compatibilityVersion = "Xcode 3.2";
			developmentRegion = English;
			hasScannedForEncodings = 0;
			knownRegions = (
				en,
				Base,
			);
			mainGroup = CD635A7D1ECFE36D006C3F64;
			productRefGroup = CD635A871ECFE36D006C3F64 /* Products */;
			projectDirPath = "";
			projectRoot = "";
			targets = (
				CD635A851ECFE36D006C3F64 /* businessLoan */,
				CD635A9C1ECFE36D006C3F64 /* businessLoanTests */,
				CD635AA71ECFE36D006C3F64 /* businessLoanUITests */,
			);
		};
/* End PBXProject section */

/* Begin PBXResourcesBuildPhase section */
		CD635A841ECFE36D006C3F64 /* Resources */ = {
			isa = PBXResourcesBuildPhase;
			buildActionMask = 2147483647;
			files = (
				CD635A971ECFE36D006C3F64 /* LaunchScreen.storyboard in Resources */,
				CD635ABD1ED05E6F006C3F64 /* GoogleService-Info.plist in Resources */,
				CD635A941ECFE36D006C3F64 /* Assets.xcassets in Resources */,
				CD635A8F1ECFE36D006C3F64 /* Main.storyboard in Resources */,
			);
			runOnlyForDeploymentPostprocessing = 0;
		};
		CD635A9B1ECFE36D006C3F64 /* Resources */ = {
			isa = PBXResourcesBuildPhase;
			buildActionMask = 2147483647;
			files = (
			);
			runOnlyForDeploymentPostprocessing = 0;
		};
		CD635AA61ECFE36D006C3F64 /* Resources */ = {
			isa = PBXResourcesBuildPhase;
			buildActionMask = 2147483647;
			files = (
			);
			runOnlyForDeploymentPostprocessing = 0;
		};
/* End PBXResourcesBuildPhase section */

/* Begin PBXShellScriptBuildPhase section */
		0CCD5749A4FDDAAA2F6F79E4 /* [CP] Check Pods Manifest.lock */ = {
			isa = PBXShellScriptBuildPhase;
			buildActionMask = 2147483647;
			files = (
			);
			inputPaths = (
			);
			name = "[CP] Check Pods Manifest.lock";
			outputPaths = (
			);
			runOnlyForDeploymentPostprocessing = 0;
			shellPath = /bin/sh;
			shellScript = "diff \"${PODS_PODFILE_DIR_PATH}/Podfile.lock\" \"${PODS_ROOT}/Manifest.lock\" > /dev/null\nif [ $? != 0 ] ; then\n    # print error to STDERR\n    echo \"error: The sandbox is not in sync with the Podfile.lock. Run 'pod install' or update your CocoaPods installation.\" >&2\n    exit 1\nfi\n";
			showEnvVarsInLog = 0;
		};
		4D95DABD23745DCA5F0847C4 /* [CP] Copy Pods Resources */ = {
			isa = PBXShellScriptBuildPhase;
			buildActionMask = 2147483647;
			files = (
			);
			inputPaths = (
			);
			name = "[CP] Copy Pods Resources";
			outputPaths = (
			);
			runOnlyForDeploymentPostprocessing = 0;
			shellPath = /bin/sh;
			shellScript = "\"${SRCROOT}/Pods/Target Support Files/Pods-businessLoan/Pods-businessLoan-resources.sh\"\n";
			showEnvVarsInLog = 0;
		};
		664EF25B8768925BDD7E20F9 /* [CP] Embed Pods Frameworks */ = {
			isa = PBXShellScriptBuildPhase;
			buildActionMask = 2147483647;
			files = (
			);
			inputPaths = (
			);
			name = "[CP] Embed Pods Frameworks";
			outputPaths = (
			);
			runOnlyForDeploymentPostprocessing = 0;
			shellPath = /bin/sh;
			shellScript = "\"${SRCROOT}/Pods/Target Support Files/Pods-businessLoan/Pods-businessLoan-frameworks.sh\"\n";
			showEnvVarsInLog = 0;
		};
/* End PBXShellScriptBuildPhase section */

/* Begin PBXSourcesBuildPhase section */
		CD635A821ECFE36D006C3F64 /* Sources */ = {
			isa = PBXSourcesBuildPhase;
			buildActionMask = 2147483647;
			files = (
				CD6B0EE11ED08B3900137E8A /* OperatingProfit+CoreDataClass.swift in Sources */,
				CD635A8C1ECFE36D006C3F64 /* ViewController.swift in Sources */,
				CD6B0EEA1ED08B3900137E8A /* GrossProfit+CoreDataProperties.swift in Sources */,
				CD635A921ECFE36D006C3F64 /* businessLoan.xcdatamodeld in Sources */,
				CD635ABB1ECFE4D5006C3F64 /* mainCell.swift in Sources */,
				CD6B0EE61ED08B3900137E8A /* Expenses+CoreDataProperties.swift in Sources */,
				CD6B0EE81ED08B3900137E8A /* GrossReceipts+CoreDataProperties.swift in Sources */,
				CD6B0EE31ED08B3900137E8A /* CostsOfGoodsSold+CoreDataClass.swift in Sources */,
				CD635A8A1ECFE36D006C3F64 /* AppDelegate.swift in Sources */,
				CD6B0EE41ED08B3900137E8A /* CostsOfGoodsSold+CoreDataProperties.swift in Sources */,
				CD6B0EE21ED08B3900137E8A /* OperatingProfit+CoreDataProperties.swift in Sources */,
				CD6B0EE51ED08B3900137E8A /* Expenses+CoreDataClass.swift in Sources */,
				CD6B0EE71ED08B3900137E8A /* GrossReceipts+CoreDataClass.swift in Sources */,
				CD6B0EE91ED08B3900137E8A /* GrossProfit+CoreDataClass.swift in Sources */,
			);
			runOnlyForDeploymentPostprocessing = 0;
		};
		CD635A991ECFE36D006C3F64 /* Sources */ = {
			isa = PBXSourcesBuildPhase;
			buildActionMask = 2147483647;
			files = (
				CD635AA21ECFE36D006C3F64 /* businessLoanTests.swift in Sources */,
			);
			runOnlyForDeploymentPostprocessing = 0;
		};
		CD635AA41ECFE36D006C3F64 /* Sources */ = {
			isa = PBXSourcesBuildPhase;
			buildActionMask = 2147483647;
			files = (
				CD635AAD1ECFE36D006C3F64 /* businessLoanUITests.swift in Sources */,
			);
			runOnlyForDeploymentPostprocessing = 0;
		};
/* End PBXSourcesBuildPhase section */

/* Begin PBXTargetDependency section */
		CD635A9F1ECFE36D006C3F64 /* PBXTargetDependency */ = {
			isa = PBXTargetDependency;
			target = CD635A851ECFE36D006C3F64 /* businessLoan */;
			targetProxy = CD635A9E1ECFE36D006C3F64 /* PBXContainerItemProxy */;
		};
		CD635AAA1ECFE36D006C3F64 /* PBXTargetDependency */ = {
			isa = PBXTargetDependency;
			target = CD635A851ECFE36D006C3F64 /* businessLoan */;
			targetProxy = CD635AA91ECFE36D006C3F64 /* PBXContainerItemProxy */;
		};
/* End PBXTargetDependency section */

/* Begin PBXVariantGroup section */
		CD635A8D1ECFE36D006C3F64 /* Main.storyboard */ = {
			isa = PBXVariantGroup;
			children = (
				CD635A8E1ECFE36D006C3F64 /* Base */,
			);
			name = Main.storyboard;
			sourceTree = "<group>";
		};
		CD635A951ECFE36D006C3F64 /* LaunchScreen.storyboard */ = {
			isa = PBXVariantGroup;
			children = (
				CD635A961ECFE36D006C3F64 /* Base */,
			);
			name = LaunchScreen.storyboard;
			sourceTree = "<group>";
		};
/* End PBXVariantGroup section */

/* Begin XCBuildConfiguration section */
		CD635AAF1ECFE36D006C3F64 /* Debug */ = {
			isa = XCBuildConfiguration;
			buildSettings = {
				ALWAYS_SEARCH_USER_PATHS = NO;
				CLANG_ANALYZER_NONNULL = YES;
				CLANG_ANALYZER_NUMBER_OBJECT_CONVERSION = YES_AGGRESSIVE;
				CLANG_CXX_LANGUAGE_STANDARD = "gnu++0x";
				CLANG_CXX_LIBRARY = "libc++";
				CLANG_ENABLE_MODULES = YES;
				CLANG_ENABLE_OBJC_ARC = YES;
				CLANG_WARN_BOOL_CONVERSION = YES;
				CLANG_WARN_CONSTANT_CONVERSION = YES;
				CLANG_WARN_DIRECT_OBJC_ISA_USAGE = YES_ERROR;
				CLANG_WARN_DOCUMENTATION_COMMENTS = YES;
				CLANG_WARN_EMPTY_BODY = YES;
				CLANG_WARN_ENUM_CONVERSION = YES;
				CLANG_WARN_INFINITE_RECURSION = YES;
				CLANG_WARN_INT_CONVERSION = YES;
				CLANG_WARN_OBJC_ROOT_CLASS = YES_ERROR;
				CLANG_WARN_SUSPICIOUS_MOVE = YES;
				CLANG_WARN_UNREACHABLE_CODE = YES;
				CLANG_WARN__DUPLICATE_METHOD_MATCH = YES;
				"CODE_SIGN_IDENTITY[sdk=iphoneos*]" = "iPhone Developer";
				COPY_PHASE_STRIP = NO;
				DEBUG_INFORMATION_FORMAT = dwarf;
				ENABLE_STRICT_OBJC_MSGSEND = YES;
				ENABLE_TESTABILITY = YES;
				GCC_C_LANGUAGE_STANDARD = gnu99;
				GCC_DYNAMIC_NO_PIC = NO;
				GCC_NO_COMMON_BLOCKS = YES;
				GCC_OPTIMIZATION_LEVEL = 0;
				GCC_PREPROCESSOR_DEFINITIONS = (
					"DEBUG=1",
					"$(inherited)",
				);
				GCC_WARN_64_TO_32_BIT_CONVERSION = YES;
				GCC_WARN_ABOUT_RETURN_TYPE = YES_ERROR;
				GCC_WARN_UNDECLARED_SELECTOR = YES;
				GCC_WARN_UNINITIALIZED_AUTOS = YES_AGGRESSIVE;
				GCC_WARN_UNUSED_FUNCTION = YES;
				GCC_WARN_UNUSED_VARIABLE = YES;
				IPHONEOS_DEPLOYMENT_TARGET = 10.3;
				MTL_ENABLE_DEBUG_INFO = YES;
				ONLY_ACTIVE_ARCH = YES;
				SDKROOT = iphoneos;
				SWIFT_ACTIVE_COMPILATION_CONDITIONS = DEBUG;
				SWIFT_OPTIMIZATION_LEVEL = "-Onone";
			};
			name = Debug;
		};
		CD635AB01ECFE36D006C3F64 /* Release */ = {
			isa = XCBuildConfiguration;
			buildSettings = {
				ALWAYS_SEARCH_USER_PATHS = NO;
				CLANG_ANALYZER_NONNULL = YES;
				CLANG_ANALYZER_NUMBER_OBJECT_CONVERSION = YES_AGGRESSIVE;
				CLANG_CXX_LANGUAGE_STANDARD = "gnu++0x";
				CLANG_CXX_LIBRARY = "libc++";
				CLANG_ENABLE_MODULES = YES;
				CLANG_ENABLE_OBJC_ARC = YES;
				CLANG_WARN_BOOL_CONVERSION = YES;
				CLANG_WARN_CONSTANT_CONVERSION = YES;
				CLANG_WARN_DIRECT_OBJC_ISA_USAGE = YES_ERROR;
				CLANG_WARN_DOCUMENTATION_COMMENTS = YES;
				CLANG_WARN_EMPTY_BODY = YES;
				CLANG_WARN_ENUM_CONVERSION = YES;
				CLANG_WARN_INFINITE_RECURSION = YES;
				CLANG_WARN_INT_CONVERSION = YES;
				CLANG_WARN_OBJC_ROOT_CLASS = YES_ERROR;
				CLANG_WARN_SUSPICIOUS_MOVE = YES;
				CLANG_WARN_UNREACHABLE_CODE = YES;
				CLANG_WARN__DUPLICATE_METHOD_MATCH = YES;
				"CODE_SIGN_IDENTITY[sdk=iphoneos*]" = "iPhone Developer";
				COPY_PHASE_STRIP = NO;
				DEBUG_INFORMATION_FORMAT = "dwarf-with-dsym";
				ENABLE_NS_ASSERTIONS = NO;
				ENABLE_STRICT_OBJC_MSGSEND = YES;
				GCC_C_LANGUAGE_STANDARD = gnu99;
				GCC_NO_COMMON_BLOCKS = YES;
				GCC_WARN_64_TO_32_BIT_CONVERSION = YES;
				GCC_WARN_ABOUT_RETURN_TYPE = YES_ERROR;
				GCC_WARN_UNDECLARED_SELECTOR = YES;
				GCC_WARN_UNINITIALIZED_AUTOS = YES_AGGRESSIVE;
				GCC_WARN_UNUSED_FUNCTION = YES;
				GCC_WARN_UNUSED_VARIABLE = YES;
				IPHONEOS_DEPLOYMENT_TARGET = 10.3;
				MTL_ENABLE_DEBUG_INFO = NO;
				SDKROOT = iphoneos;
				SWIFT_OPTIMIZATION_LEVEL = "-Owholemodule";
				VALIDATE_PRODUCT = YES;
			};
			name = Release;
		};
		CD635AB21ECFE36D006C3F64 /* Debug */ = {
			isa = XCBuildConfiguration;
			baseConfigurationReference = 28FA96AD4DE4477D4ABB6A95 /* Pods-businessLoan.debug.xcconfig */;
			buildSettings = {
				ASSETCATALOG_COMPILER_APPICON_NAME = AppIcon;
				INFOPLIST_FILE = businessLoan/Info.plist;
				LD_RUNPATH_SEARCH_PATHS = "$(inherited) @executable_path/Frameworks";
				PRODUCT_BUNDLE_IDENTIFIER = com.yazan.businessLoan;
				PRODUCT_NAME = "$(TARGET_NAME)";
				SWIFT_VERSION = 3.0;
			};
			name = Debug;
		};
		CD635AB31ECFE36D006C3F64 /* Release */ = {
			isa = XCBuildConfiguration;
			baseConfigurationReference = 68F37CE88A3039FC9F98F95D /* Pods-businessLoan.release.xcconfig */;
			buildSettings = {
				ASSETCATALOG_COMPILER_APPICON_NAME = AppIcon;
				INFOPLIST_FILE = businessLoan/Info.plist;
				LD_RUNPATH_SEARCH_PATHS = "$(inherited) @executable_path/Frameworks";
				PRODUCT_BUNDLE_IDENTIFIER = com.yazan.businessLoan;
				PRODUCT_NAME = "$(TARGET_NAME)";
				SWIFT_VERSION = 3.0;
			};
			name = Release;
		};
		CD635AB51ECFE36D006C3F64 /* Debug */ = {
			isa = XCBuildConfiguration;
			buildSettings = {
				ALWAYS_EMBED_SWIFT_STANDARD_LIBRARIES = YES;
				BUNDLE_LOADER = "$(TEST_HOST)";
				INFOPLIST_FILE = businessLoanTests/Info.plist;
				LD_RUNPATH_SEARCH_PATHS = "$(inherited) @executable_path/Frameworks @loader_path/Frameworks";
				PRODUCT_BUNDLE_IDENTIFIER = com.yazan.businessLoanTests;
				PRODUCT_NAME = "$(TARGET_NAME)";
				SWIFT_VERSION = 3.0;
				TEST_HOST = "$(BUILT_PRODUCTS_DIR)/businessLoan.app/businessLoan";
			};
			name = Debug;
		};
		CD635AB61ECFE36D006C3F64 /* Release */ = {
			isa = XCBuildConfiguration;
			buildSettings = {
				ALWAYS_EMBED_SWIFT_STANDARD_LIBRARIES = YES;
				BUNDLE_LOADER = "$(TEST_HOST)";
				INFOPLIST_FILE = businessLoanTests/Info.plist;
				LD_RUNPATH_SEARCH_PATHS = "$(inherited) @executable_path/Frameworks @loader_path/Frameworks";
				PRODUCT_BUNDLE_IDENTIFIER = com.yazan.businessLoanTests;
				PRODUCT_NAME = "$(TARGET_NAME)";
				SWIFT_VERSION = 3.0;
				TEST_HOST = "$(BUILT_PRODUCTS_DIR)/businessLoan.app/businessLoan";
			};
			name = Release;
		};
		CD635AB81ECFE36D006C3F64 /* Debug */ = {
			isa = XCBuildConfiguration;
			buildSettings = {
				ALWAYS_EMBED_SWIFT_STANDARD_LIBRARIES = YES;
				INFOPLIST_FILE = businessLoanUITests/Info.plist;
				LD_RUNPATH_SEARCH_PATHS = "$(inherited) @executable_path/Frameworks @loader_path/Frameworks";
				PRODUCT_BUNDLE_IDENTIFIER = com.yazan.businessLoanUITests;
				PRODUCT_NAME = "$(TARGET_NAME)";
				SWIFT_VERSION = 3.0;
				TEST_TARGET_NAME = businessLoan;
			};
			name = Debug;
		};
		CD635AB91ECFE36D006C3F64 /* Release */ = {
			isa = XCBuildConfiguration;
			buildSettings = {
				ALWAYS_EMBED_SWIFT_STANDARD_LIBRARIES = YES;
				INFOPLIST_FILE = businessLoanUITests/Info.plist;
				LD_RUNPATH_SEARCH_PATHS = "$(inherited) @executable_path/Frameworks @loader_path/Frameworks";
				PRODUCT_BUNDLE_IDENTIFIER = com.yazan.businessLoanUITests;
				PRODUCT_NAME = "$(TARGET_NAME)";
				SWIFT_VERSION = 3.0;
				TEST_TARGET_NAME = businessLoan;
			};
			name = Release;
		};
/* End XCBuildConfiguration section */

/* Begin XCConfigurationList section */
		CD635A811ECFE36D006C3F64 /* Build configuration list for PBXProject "businessLoan" */ = {
			isa = XCConfigurationList;
			buildConfigurations = (
				CD635AAF1ECFE36D006C3F64 /* Debug */,
				CD635AB01ECFE36D006C3F64 /* Release */,
			);
			defaultConfigurationIsVisible = 0;
			defaultConfigurationName = Release;
		};
		CD635AB11ECFE36D006C3F64 /* Build configuration list for PBXNativeTarget "businessLoan" */ = {
			isa = XCConfigurationList;
			buildConfigurations = (
				CD635AB21ECFE36D006C3F64 /* Debug */,
				CD635AB31ECFE36D006C3F64 /* Release */,
			);
			defaultConfigurationIsVisible = 0;
			defaultConfigurationName = Release;
		};
		CD635AB41ECFE36D006C3F64 /* Build configuration list for PBXNativeTarget "businessLoanTests" */ = {
			isa = XCConfigurationList;
			buildConfigurations = (
				CD635AB51ECFE36D006C3F64 /* Debug */,
				CD635AB61ECFE36D006C3F64 /* Release */,
			);
			defaultConfigurationIsVisible = 0;
			defaultConfigurationName = Release;
		};
		CD635AB71ECFE36D006C3F64 /* Build configuration list for PBXNativeTarget "businessLoanUITests" */ = {
			isa = XCConfigurationList;
			buildConfigurations = (
				CD635AB81ECFE36D006C3F64 /* Debug */,
				CD635AB91ECFE36D006C3F64 /* Release */,
			);
			defaultConfigurationIsVisible = 0;
			defaultConfigurationName = Release;
		};
/* End XCConfigurationList section */

/* Begin XCVersionGroup section */
		CD635A901ECFE36D006C3F64 /* businessLoan.xcdatamodeld */ = {
			isa = XCVersionGroup;
			children = (
				CD635A911ECFE36D006C3F64 /* businessLoan.xcdatamodel */,
			);
			currentVersion = CD635A911ECFE36D006C3F64 /* businessLoan.xcdatamodel */;
			path = businessLoan.xcdatamodeld;
			sourceTree = "<group>";
			versionGroupType = wrapper.xcdatamodel;
		};
/* End XCVersionGroup section */
	};
	rootObject = CD635A7E1ECFE36D006C3F64 /* Project object */;
}
